
Microsoft Visual Studio Solution File, Format Version 12.00
# Visual Studio Version 16
VisualStudioVersion = 16.0.32407.337
MinimumVisualStudioVersion = 10.0.40219.1
Project("{9A19103F-16F7-4668-BE54-9A1E7A4F7556}") = "4JS.Server", "4JS\Server\4JS.Server.csproj", "{BC433301-C186-47E5-B400-FB4245F3CE8B}"
EndProject
Project("{9A19103F-16F7-4668-BE54-9A1E7A4F7556}") = "4JS.Client", "4JS\Client\4JS.Client.csproj", "{F94D0550-E404-4CE0-86A3-A231763BA066}"
EndProject
Project("{9A19103F-16F7-4668-BE54-9A1E7A4F7556}") = "4JS.Shared", "4JS\Shared\4JS.Shared.csproj", "{7394335C-3EB8-4713-9172-6BE1BEB24F71}"
EndProject
Global
	GlobalSection(SolutionConfigurationPlatforms) = preSolution
		Debug|Any CPU = Debug|Any CPU
		Release|Any CPU = Release|Any CPU
	EndGlobalSection
	GlobalSection(ProjectConfigurationPlatforms) = postSolution
		{BC433301-C186-47E5-B400-FB4245F3CE8B}.Debug|Any CPU.ActiveCfg = Debug|Any CPU
		{BC433301-C186-47E5-B400-FB4245F3CE8B}.Debug|Any CPU.Build.0 = Debug|Any CPU
		{BC433301-C186-47E5-B400-FB4245F3CE8B}.Release|Any CPU.ActiveCfg = Release|Any CPU
		{BC433301-C186-47E5-B400-FB4245F3CE8B}.Release|Any CPU.Build.0 = Release|Any CPU
		{F94D0550-E404-4CE0-86A3-A231763BA066}.Debug|Any CPU.ActiveCfg = Debug|Any CPU
		{F94D0550-E404-4CE0-86A3-A231763BA066}.Debug|Any CPU.Build.0 = Debug|Any CPU
		{F94D0550-E404-4CE0-86A3-A231763BA066}.Release|Any CPU.ActiveCfg = Release|Any CPU
		{F94D0550-E404-4CE0-86A3-A231763BA066}.Release|Any CPU.Build.0 = Release|Any CPU
		{7394335C-3EB8-4713-9172-6BE1BEB24F71}.Debug|Any CPU.ActiveCfg = Debug|Any CPU
		{7394335C-3EB8-4713-9172-6BE1BEB24F71}.Debug|Any CPU.Build.0 = Debug|Any CPU
		{7394335C-3EB8-4713-9172-6BE1BEB24F71}.Release|Any CPU.ActiveCfg = Release|Any CPU
		{7394335C-3EB8-4713-9172-6BE1BEB24F71}.Release|Any CPU.Build.0 = Release|Any CPU
	EndGlobalSection
	GlobalSection(SolutionProperties) = preSolution
		HideSolutionNode = FALSE
	EndGlobalSection
	GlobalSection(ExtensibilityGlobals) = postSolution
		SolutionGuid = {B93C2415-40DD-46F0-9646-A84EBFD77D20}
	EndGlobalSection
EndGlobal
